{
  "version": 4,
  "terraform_version": "1.7.1",
  "serial": 16,
  "lineage": "0469355d-097c-a9f0-299d-df7bbefacae5",
  "outputs": {},
  "resources": [
    {
      "mode": "managed",
      "type": "google_storage_bucket",
      "name": "static",
      "provider": "provider[\"registry.terraform.io/hashicorp/google\"]",
      "instances": [
        {
          "schema_version": 1,
          "attributes": {
            "autoclass": [],
            "cors": [],
            "custom_placement_config": [],
            "default_event_based_hold": false,
            "effective_labels": {},
            "enable_object_retention": false,
            "encryption": [],
            "force_destroy": false,
            "id": "congress_data",
            "labels": {},
            "lifecycle_rule": [],
            "location": "US",
            "logging": [],
            "name": "congress_data",
            "project": "inbound-ship-412204",
            "public_access_prevention": "enforced",
            "requester_pays": false,
            "retention_policy": [],
            "rpo": "DEFAULT",
            "self_link": "https://www.googleapis.com/storage/v1/b/congress_data",
            "storage_class": "STANDARD",
            "terraform_labels": {},
            "timeouts": null,
            "uniform_bucket_level_access": true,
            "url": "gs://congress_data",
            "versioning": [],
            "website": []
          },
          "sensitive_attributes": [],
          "private": "eyJlMmJmYjczMC1lY2FhLTExZTYtOGY4OC0zNDM2M2JjN2M0YzAiOnsiY3JlYXRlIjo2MDAwMDAwMDAwMDAsInJlYWQiOjI0MDAwMDAwMDAwMCwidXBkYXRlIjoyNDAwMDAwMDAwMDB9LCJzY2hlbWFfdmVyc2lvbiI6IjEifQ=="
        }
      ]
    },
    {
      "mode": "managed",
      "type": "google_storage_bucket_object",
      "name": "actions_subdir",
      "provider": "provider[\"registry.terraform.io/hashicorp/google\"]",
      "instances": [
        {
          "schema_version": 0,
          "attributes": {
            "bucket": "congress_data",
            "cache_control": "",
            "content": null,
            "content_disposition": "",
            "content_encoding": "",
            "content_language": "",
            "content_type": "text/plain; charset=utf-8",
            "crc32c": "AAAAAA==",
            "customer_encryption": [],
            "detect_md5hash": "1B2M2Y8AsgTpgAmY7PhCfg==",
            "event_based_hold": false,
            "id": "congress_data-actions/",
            "kms_key_name": "",
            "md5hash": "1B2M2Y8AsgTpgAmY7PhCfg==",
            "media_link": "https://storage.googleapis.com/download/storage/v1/b/congress_data/o/actions%2F?generation=1711077260248331\u0026alt=media",
            "metadata": {},
            "name": "actions/",
            "output_name": "actions/",
            "retention": [],
            "self_link": "https://www.googleapis.com/storage/v1/b/congress_data/o/actions%2F",
            "source": "/dev/null",
            "storage_class": "STANDARD",
            "temporary_hold": false,
            "timeouts": null
          },
          "sensitive_attributes": [],
          "private": "eyJlMmJmYjczMC1lY2FhLTExZTYtOGY4OC0zNDM2M2JjN2M0YzAiOnsiY3JlYXRlIjoyNDAwMDAwMDAwMDAsImRlbGV0ZSI6MjQwMDAwMDAwMDAwLCJ1cGRhdGUiOjI0MDAwMDAwMDAwMH19",
          "dependencies": [
            "google_storage_bucket.static"
          ]
        }
      ]
    },
    {
      "mode": "managed",
      "type": "google_storage_bucket_object",
      "name": "bills_subdir",
      "provider": "provider[\"registry.terraform.io/hashicorp/google\"]",
      "instances": [
        {
          "schema_version": 0,
          "attributes": {
            "bucket": "congress_data",
            "cache_control": "",
            "content": null,
            "content_disposition": "",
            "content_encoding": "",
            "content_language": "",
            "content_type": "text/plain; charset=utf-8",
            "crc32c": "AAAAAA==",
            "customer_encryption": [],
            "detect_md5hash": "1B2M2Y8AsgTpgAmY7PhCfg==",
            "event_based_hold": false,
            "id": "congress_data-bills/",
            "kms_key_name": "",
            "md5hash": "1B2M2Y8AsgTpgAmY7PhCfg==",
            "media_link": "https://storage.googleapis.com/download/storage/v1/b/congress_data/o/bills%2F?generation=1711077260247173\u0026alt=media",
            "metadata": {},
            "name": "bills/",
            "output_name": "bills/",
            "retention": [],
            "self_link": "https://www.googleapis.com/storage/v1/b/congress_data/o/bills%2F",
            "source": "/dev/null",
            "storage_class": "STANDARD",
            "temporary_hold": false,
            "timeouts": null
          },
          "sensitive_attributes": [],
          "private": "eyJlMmJmYjczMC1lY2FhLTExZTYtOGY4OC0zNDM2M2JjN2M0YzAiOnsiY3JlYXRlIjoyNDAwMDAwMDAwMDAsImRlbGV0ZSI6MjQwMDAwMDAwMDAwLCJ1cGRhdGUiOjI0MDAwMDAwMDAwMH19",
          "dependencies": [
            "google_storage_bucket.static"
          ]
        }
      ]
    },
    {
      "mode": "managed",
      "type": "google_storage_bucket_object",
      "name": "member_subdir",
      "provider": "provider[\"registry.terraform.io/hashicorp/google\"]",
      "instances": [
        {
          "schema_version": 0,
          "attributes": {
            "bucket": "congress_data",
            "cache_control": "",
            "content": null,
            "content_disposition": "",
            "content_encoding": "",
            "content_language": "",
            "content_type": "text/plain; charset=utf-8",
            "crc32c": "AAAAAA==",
            "customer_encryption": [],
            "detect_md5hash": "1B2M2Y8AsgTpgAmY7PhCfg==",
            "event_based_hold": false,
            "id": "congress_data-member/",
            "kms_key_name": "",
            "md5hash": "1B2M2Y8AsgTpgAmY7PhCfg==",
            "media_link": "https://storage.googleapis.com/download/storage/v1/b/congress_data/o/member%2F?generation=1711077260248906\u0026alt=media",
            "metadata": {},
            "name": "member/",
            "output_name": "member/",
            "retention": [],
            "self_link": "https://www.googleapis.com/storage/v1/b/congress_data/o/member%2F",
            "source": "/dev/null",
            "storage_class": "STANDARD",
            "temporary_hold": false,
            "timeouts": null
          },
          "sensitive_attributes": [],
          "private": "eyJlMmJmYjczMC1lY2FhLTExZTYtOGY4OC0zNDM2M2JjN2M0YzAiOnsiY3JlYXRlIjoyNDAwMDAwMDAwMDAsImRlbGV0ZSI6MjQwMDAwMDAwMDAwLCJ1cGRhdGUiOjI0MDAwMDAwMDAwMH19",
          "dependencies": [
            "google_storage_bucket.static"
          ]
        }
      ]
    },
    {
      "mode": "managed",
      "type": "google_storage_bucket_object",
      "name": "votes_subdir",
      "provider": "provider[\"registry.terraform.io/hashicorp/google\"]",
      "instances": [
        {
          "schema_version": 0,
          "attributes": {
            "bucket": "congress_data",
            "cache_control": "",
            "content": null,
            "content_disposition": "",
            "content_encoding": "",
            "content_language": "",
            "content_type": "text/plain; charset=utf-8",
            "crc32c": "AAAAAA==",
            "customer_encryption": [],
            "detect_md5hash": "1B2M2Y8AsgTpgAmY7PhCfg==",
            "event_based_hold": false,
            "id": "congress_data-votes/",
            "kms_key_name": "",
            "md5hash": "1B2M2Y8AsgTpgAmY7PhCfg==",
            "media_link": "https://storage.googleapis.com/download/storage/v1/b/congress_data/o/votes%2F?generation=1711667759235494\u0026alt=media",
            "metadata": null,
            "name": "votes/",
            "output_name": "votes/",
            "retention": [],
            "self_link": "https://www.googleapis.com/storage/v1/b/congress_data/o/votes%2F",
            "source": "/dev/null",
            "storage_class": "STANDARD",
            "temporary_hold": false,
            "timeouts": null
          },
          "sensitive_attributes": [],
          "private": "eyJlMmJmYjczMC1lY2FhLTExZTYtOGY4OC0zNDM2M2JjN2M0YzAiOnsiY3JlYXRlIjoyNDAwMDAwMDAwMDAsImRlbGV0ZSI6MjQwMDAwMDAwMDAwLCJ1cGRhdGUiOjI0MDAwMDAwMDAwMH19",
          "dependencies": [
            "google_storage_bucket.static"
          ]
        }
      ]
    }
  ],
  "check_results": null
}
